Microsoft Visual Studio Solution File, Format Version 11.00
# Visual Studio 2008

Project("{944DB46F-63CB-EA9B-C761-32E6AC05F500}") = "Unity-Projekti", "Assembly-CSharp.csproj", "{07E33059-9B8F-895A-9C57-63E32524DEC8}"
EndProject
Global
	GlobalSection(SolutionConfigurationPlatforms) = preSolution
		Debug|Any CPU = Debug|Any CPU
		Release|Any CPU = Release|Any CPU
	EndGlobalSection
	GlobalSection(ProjectConfigurationPlatforms) = postSolution
		{07E33059-9B8F-895A-9C57-63E32524DEC8}.Debug|Any CPU.ActiveCfg = Debug|Any CPU
		{07E33059-9B8F-895A-9C57-63E32524DEC8}.Debug|Any CPU.Build.0 = Debug|Any CPU
		{07E33059-9B8F-895A-9C57-63E32524DEC8}.Release|Any CPU.ActiveCfg = Release|Any CPU
		{07E33059-9B8F-895A-9C57-63E32524DEC8}.Release|Any CPU.Build.0 = Release|Any CPU
	EndGlobalSection
	GlobalSection(SolutionProperties) = preSolution
		HideSolutionNode = FALSE
	EndGlobalSection
	GlobalSection(MonoDevelopProperties) = preSolution
		StartupItem = Assembly-CSharp.csproj
	EndGlobalSection
EndGlobal
