
Microsoft Visual Studio Solution File, Format Version 12.00
# Visual Studio 2015
Project("{FAE04EC0-301F-11D3-BF4B-00C04F79EFBC}") = "Unity-Projekti.Plugins", "Unity-Projekti.Plugins.csproj", "{DBF7DF17-02D0-7893-2423-BFF702762A05}"
EndProject
Project("{FAE04EC0-301F-11D3-BF4B-00C04F79EFBC}") = "Unity-Projekti", "Unity-Projekti.csproj", "{E24552FB-3E26-DC9F-819F-70B8D9A8D5B0}"
EndProject
Project("{FAE04EC0-301F-11D3-BF4B-00C04F79EFBC}") = "Unity-Projekti.Editor", "Unity-Projekti.Editor.csproj", "{9F130B2F-87E6-CB1F-9835-DAFA612F64AE}"
EndProject
Global
	GlobalSection(SolutionConfigurationPlatforms) = preSolution
		Debug|Any CPU = Debug|Any CPU
		Release|Any CPU = Release|Any CPU
	EndGlobalSection
	GlobalSection(ProjectConfigurationPlatforms) = postSolution
		{DBF7DF17-02D0-7893-2423-BFF702762A05}.Debug|Any CPU.ActiveCfg = Debug|Any CPU
		{DBF7DF17-02D0-7893-2423-BFF702762A05}.Debug|Any CPU.Build.0 = Debug|Any CPU
		{DBF7DF17-02D0-7893-2423-BFF702762A05}.Release|Any CPU.ActiveCfg = Release|Any CPU
		{DBF7DF17-02D0-7893-2423-BFF702762A05}.Release|Any CPU.Build.0 = Release|Any CPU
		{E24552FB-3E26-DC9F-819F-70B8D9A8D5B0}.Debug|Any CPU.ActiveCfg = Debug|Any CPU
		{E24552FB-3E26-DC9F-819F-70B8D9A8D5B0}.Debug|Any CPU.Build.0 = Debug|Any CPU
		{E24552FB-3E26-DC9F-819F-70B8D9A8D5B0}.Release|Any CPU.ActiveCfg = Release|Any CPU
		{E24552FB-3E26-DC9F-819F-70B8D9A8D5B0}.Release|Any CPU.Build.0 = Release|Any CPU
		{9F130B2F-87E6-CB1F-9835-DAFA612F64AE}.Debug|Any CPU.ActiveCfg = Debug|Any CPU
		{9F130B2F-87E6-CB1F-9835-DAFA612F64AE}.Debug|Any CPU.Build.0 = Debug|Any CPU
		{9F130B2F-87E6-CB1F-9835-DAFA612F64AE}.Release|Any CPU.ActiveCfg = Release|Any CPU
		{9F130B2F-87E6-CB1F-9835-DAFA612F64AE}.Release|Any CPU.Build.0 = Release|Any CPU
	EndGlobalSection
	GlobalSection(SolutionProperties) = preSolution
		HideSolutionNode = FALSE
	EndGlobalSection
EndGlobal
